
Microsoft Visual Studio Solution File, Format Version 11.00
# Visual C# Express 2010
Project("{FAE04EC0-301F-11D3-BF4B-00C04F79EFBC}") = "Claes20200001", "Claes20200001\Claes20200001.csproj", "{D2EB218B-F624-4F86-BC32-02D9BAF3FFAC}"
EndProject
Global
	GlobalSection(SolutionConfigurationPlatforms) = preSolution
		Debug|x86 = Debug|x86
		Release|x86 = Release|x86
	EndGlobalSection
	GlobalSection(ProjectConfigurationPlatforms) = postSolution
		{D2EB218B-F624-4F86-BC32-02D9BAF3FFAC}.Debug|x86.ActiveCfg = Debug|x86
		{D2EB218B-F624-4F86-BC32-02D9BAF3FFAC}.Debug|x86.Build.0 = Debug|x86
		{D2EB218B-F624-4F86-BC32-02D9BAF3FFAC}.Release|x86.ActiveCfg = Release|x86
		{D2EB218B-F624-4F86-BC32-02D9BAF3FFAC}.Release|x86.Build.0 = Release|x86
	EndGlobalSection
	GlobalSection(SolutionProperties) = preSolution
		HideSolutionNode = FALSE
	EndGlobalSection
EndGlobal
